
Microsoft Visual Studio Solution File, Format Version 12.00
# Visual Studio Version 16
VisualStudioVersion = 16.0.31112.23
MinimumVisualStudioVersion = 10.0.40219.1
Project("{FAE04EC0-301F-11D3-BF4B-00C04F79EFBC}") = "Ruta40", "Ruta40\Ruta40.csproj", "{0C68EAFD-9C4E-43ED-8886-52D04EFC57DD}"
EndProject
Global
	GlobalSection(SolutionConfigurationPlatforms) = preSolution
		Debug|Any CPU = Debug|Any CPU
		Release|Any CPU = Release|Any CPU
	EndGlobalSection
	GlobalSection(ProjectConfigurationPlatforms) = postSolution
		{0C68EAFD-9C4E-43ED-8886-52D04EFC57DD}.Debug|Any CPU.ActiveCfg = Debug|Any CPU
		{0C68EAFD-9C4E-43ED-8886-52D04EFC57DD}.Debug|Any CPU.Build.0 = Debug|Any CPU
		{0C68EAFD-9C4E-43ED-8886-52D04EFC57DD}.Release|Any CPU.ActiveCfg = Release|Any CPU
		{0C68EAFD-9C4E-43ED-8886-52D04EFC57DD}.Release|Any CPU.Build.0 = Release|Any CPU
	EndGlobalSection
	GlobalSection(SolutionProperties) = preSolution
		HideSolutionNode = FALSE
	EndGlobalSection
	GlobalSection(ExtensibilityGlobals) = postSolution
		SolutionGuid = {A9BD3315-AFD6-4099-B2DE-57B59321FA70}
	EndGlobalSection
EndGlobal
